// !$*UTF8*$!
{
	archiveVersion = 1;
	classes = {
	};
	objectVersion = 46;
	objects = {

/* Begin PBXBuildFile section */
		1D54AA111F0AD46600391F89 /* main.m in Sources */ = {isa = PBXBuildFile; fileRef = 1D54AA101F0AD46600391F89 /* main.m */; };
		1D54AA141F0AD46600391F89 /* IKCAppDelegate.m in Sources */ = {isa = PBXBuildFile; fileRef = 1D54AA131F0AD46600391F89 /* IKCAppDelegate.m */; };
		1D54AA1A1F0AD46600391F89 /* Main.storyboard in Resources */ = {isa = PBXBuildFile; fileRef = 1D54AA181F0AD46600391F89 /* Main.storyboard */; };
		1D54AA1C1F0AD46600391F89 /* Assets.xcassets in Resources */ = {isa = PBXBuildFile; fileRef = 1D54AA1B1F0AD46600391F89 /* Assets.xcassets */; };
		1D54AA1F1F0AD46600391F89 /* LaunchScreen.storyboard in Resources */ = {isa = PBXBuildFile; fileRef = 1D54AA1D1F0AD46600391F89 /* LaunchScreen.storyboard */; };
		1D54AA2A1F0AD46600391F89 /* cconverterTests.m in Sources */ = {isa = PBXBuildFile; fileRef = 1D54AA291F0AD46600391F89 /* cconverterTests.m */; };
		1D54AA351F0AD46600391F89 /* cconverterUITests.m in Sources */ = {isa = PBXBuildFile; fileRef = 1D54AA341F0AD46600391F89 /* cconverterUITests.m */; };
		1D54AA481F11351800391F89 /* IKCExchangeController.m in Sources */ = {isa = PBXBuildFile; fileRef = 1D54AA471F11351800391F89 /* IKCExchangeController.m */; };
		1D54AA501F113D3100391F89 /* IKCExchangeViewModel.m in Sources */ = {isa = PBXBuildFile; fileRef = 1D54AA4F1F113D3100391F89 /* IKCExchangeViewModel.m */; };
		1D54AA551F11425900391F89 /* IKCCurrency.m in Sources */ = {isa = PBXBuildFile; fileRef = 1D54AA521F11425900391F89 /* IKCCurrency.m */; };
		1D54AA561F11425900391F89 /* IKCRate.m in Sources */ = {isa = PBXBuildFile; fileRef = 1D54AA541F11425900391F89 /* IKCRate.m */; };
		1D54AA591F11F8CF00391F89 /* IKCRateProvider.m in Sources */ = {isa = PBXBuildFile; fileRef = 1D54AA581F11F8CF00391F89 /* IKCRateProvider.m */; };
		1D54AA5C1F12220800391F89 /* IKCCurrencyProvider.m in Sources */ = {isa = PBXBuildFile; fileRef = 1D54AA5B1F12220800391F89 /* IKCCurrencyProvider.m */; };
		1D54AA601F1231C100391F89 /* IKCAssembly.m in Sources */ = {isa = PBXBuildFile; fileRef = 1D54AA5F1F1231C100391F89 /* IKCAssembly.m */; };
		CEC895B2B03DF7A4F9621751 /* libPods-cconverter.a in Frameworks */ = {isa = PBXBuildFile; fileRef = 08D4C28DF603AB361AB1DB01 /* libPods-cconverter.a */; };
/* End PBXBuildFile section */

/* Begin PBXContainerItemProxy section */
		1D54AA261F0AD46600391F89 /* PBXContainerItemProxy */ = {
			isa = PBXContainerItemProxy;
			containerPortal = 1D54AA041F0AD46600391F89 /* Project object */;
			proxyType = 1;
			remoteGlobalIDString = 1D54AA0B1F0AD46600391F89;
			remoteInfo = cconverter;
		};
		1D54AA311F0AD46600391F89 /* PBXContainerItemProxy */ = {
			isa = PBXContainerItemProxy;
			containerPortal = 1D54AA041F0AD46600391F89 /* Project object */;
			proxyType = 1;
			remoteGlobalIDString = 1D54AA0B1F0AD46600391F89;
			remoteInfo = cconverter;
		};
/* End PBXContainerItemProxy section */

/* Begin PBXFileReference section */
		08D4C28DF603AB361AB1DB01 /* libPods-cconverter.a */ = {isa = PBXFileReference; explicitFileType = archive.ar; includeInIndex = 0; path = "libPods-cconverter.a"; sourceTree = BUILT_PRODUCTS_DIR; };
		1D54AA0C1F0AD46600391F89 /* cconverter.app */ = {isa = PBXFileReference; explicitFileType = wrapper.application; includeInIndex = 0; path = cconverter.app; sourceTree = BUILT_PRODUCTS_DIR; };
		1D54AA101F0AD46600391F89 /* main.m */ = {isa = PBXFileReference; lastKnownFileType = sourcecode.c.objc; path = main.m; sourceTree = "<group>"; };
		1D54AA121F0AD46600391F89 /* IKCAppDelegate.h */ = {isa = PBXFileReference; lastKnownFileType = sourcecode.c.h; path = IKCAppDelegate.h; sourceTree = "<group>"; };
		1D54AA131F0AD46600391F89 /* IKCAppDelegate.m */ = {isa = PBXFileReference; lastKnownFileType = sourcecode.c.objc; path = IKCAppDelegate.m; sourceTree = "<group>"; };
		1D54AA191F0AD46600391F89 /* Base */ = {isa = PBXFileReference; lastKnownFileType = file.storyboard; name = Base; path = Base.lproj/Main.storyboard; sourceTree = "<group>"; };
		1D54AA1B1F0AD46600391F89 /* Assets.xcassets */ = {isa = PBXFileReference; lastKnownFileType = folder.assetcatalog; path = Assets.xcassets; sourceTree = "<group>"; };
		1D54AA1E1F0AD46600391F89 /* Base */ = {isa = PBXFileReference; lastKnownFileType = file.storyboard; name = Base; path = Base.lproj/LaunchScreen.storyboard; sourceTree = "<group>"; };
		1D54AA201F0AD46600391F89 /* Info.plist */ = {isa = PBXFileReference; lastKnownFileType = text.plist.xml; path = Info.plist; sourceTree = "<group>"; };
		1D54AA251F0AD46600391F89 /* cconverterTests.xctest */ = {isa = PBXFileReference; explicitFileType = wrapper.cfbundle; includeInIndex = 0; path = cconverterTests.xctest; sourceTree = BUILT_PRODUCTS_DIR; };
		1D54AA291F0AD46600391F89 /* cconverterTests.m */ = {isa = PBXFileReference; lastKnownFileType = sourcecode.c.objc; path = cconverterTests.m; sourceTree = "<group>"; };
		1D54AA2B1F0AD46600391F89 /* Info.plist */ = {isa = PBXFileReference; lastKnownFileType = text.plist.xml; path = Info.plist; sourceTree = "<group>"; };
		1D54AA301F0AD46600391F89 /* cconverterUITests.xctest */ = {isa = PBXFileReference; explicitFileType = wrapper.cfbundle; includeInIndex = 0; path = cconverterUITests.xctest; sourceTree = BUILT_PRODUCTS_DIR; };
		1D54AA341F0AD46600391F89 /* cconverterUITests.m */ = {isa = PBXFileReference; lastKnownFileType = sourcecode.c.objc; path = cconverterUITests.m; sourceTree = "<group>"; };
		1D54AA361F0AD46600391F89 /* Info.plist */ = {isa = PBXFileReference; lastKnownFileType = text.plist.xml; path = Info.plist; sourceTree = "<group>"; };
		1D54AA461F11351800391F89 /* IKCExchangeController.h */ = {isa = PBXFileReference; fileEncoding = 4; lastKnownFileType = sourcecode.c.h; name = IKCExchangeController.h; path = Controllers/IKCExchangeController.h; sourceTree = "<group>"; };
		1D54AA471F11351800391F89 /* IKCExchangeController.m */ = {isa = PBXFileReference; fileEncoding = 4; lastKnownFileType = sourcecode.c.objc; name = IKCExchangeController.m; path = Controllers/IKCExchangeController.m; sourceTree = "<group>"; };
		1D54AA4E1F113D3100391F89 /* IKCExchangeViewModel.h */ = {isa = PBXFileReference; fileEncoding = 4; lastKnownFileType = sourcecode.c.h; name = IKCExchangeViewModel.h; path = cconverter/ViewModels/IKCExchangeViewModel.h; sourceTree = "<group>"; };
		1D54AA4F1F113D3100391F89 /* IKCExchangeViewModel.m */ = {isa = PBXFileReference; fileEncoding = 4; lastKnownFileType = sourcecode.c.objc; name = IKCExchangeViewModel.m; path = cconverter/ViewModels/IKCExchangeViewModel.m; sourceTree = "<group>"; };
		1D54AA511F11425900391F89 /* IKCCurrency.h */ = {isa = PBXFileReference; fileEncoding = 4; lastKnownFileType = sourcecode.c.h; name = IKCCurrency.h; path = cconverter/Models/IKCCurrency.h; sourceTree = "<group>"; };
		1D54AA521F11425900391F89 /* IKCCurrency.m */ = {isa = PBXFileReference; fileEncoding = 4; lastKnownFileType = sourcecode.c.objc; name = IKCCurrency.m; path = cconverter/Models/IKCCurrency.m; sourceTree = "<group>"; };
		1D54AA531F11425900391F89 /* IKCRate.h */ = {isa = PBXFileReference; fileEncoding = 4; lastKnownFileType = sourcecode.c.h; name = IKCRate.h; path = cconverter/Models/IKCRate.h; sourceTree = "<group>"; };
		1D54AA541F11425900391F89 /* IKCRate.m */ = {isa = PBXFileReference; fileEncoding = 4; lastKnownFileType = sourcecode.c.objc; name = IKCRate.m; path = cconverter/Models/IKCRate.m; sourceTree = "<group>"; };
		1D54AA571F11F8CF00391F89 /* IKCRateProvider.h */ = {isa = PBXFileReference; fileEncoding = 4; lastKnownFileType = sourcecode.c.h; name = IKCRateProvider.h; path = cconverter/Services/IKCRateProvider.h; sourceTree = "<group>"; };
		1D54AA581F11F8CF00391F89 /* IKCRateProvider.m */ = {isa = PBXFileReference; fileEncoding = 4; lastKnownFileType = sourcecode.c.objc; name = IKCRateProvider.m; path = cconverter/Services/IKCRateProvider.m; sourceTree = "<group>"; };
		1D54AA5A1F12220800391F89 /* IKCCurrencyProvider.h */ = {isa = PBXFileReference; fileEncoding = 4; lastKnownFileType = sourcecode.c.h; name = IKCCurrencyProvider.h; path = cconverter/Services/IKCCurrencyProvider.h; sourceTree = "<group>"; };
		1D54AA5B1F12220800391F89 /* IKCCurrencyProvider.m */ = {isa = PBXFileReference; fileEncoding = 4; lastKnownFileType = sourcecode.c.objc; name = IKCCurrencyProvider.m; path = cconverter/Services/IKCCurrencyProvider.m; sourceTree = "<group>"; };
		1D54AA5E1F1231C100391F89 /* IKCAssembly.h */ = {isa = PBXFileReference; fileEncoding = 4; lastKnownFileType = sourcecode.c.h; name = IKCAssembly.h; path = DI/IKCAssembly.h; sourceTree = "<group>"; };
		1D54AA5F1F1231C100391F89 /* IKCAssembly.m */ = {isa = PBXFileReference; fileEncoding = 4; lastKnownFileType = sourcecode.c.objc; name = IKCAssembly.m; path = DI/IKCAssembly.m; sourceTree = "<group>"; };
		8922C1234A2BD8634A1D6958 /* Pods-cconverter.debug.xcconfig */ = {isa = PBXFileReference; includeInIndex = 1; lastKnownFileType = text.xcconfig; name = "Pods-cconverter.debug.xcconfig"; path = "Pods/Target Support Files/Pods-cconverter/Pods-cconverter.debug.xcconfig"; sourceTree = "<group>"; };
		BA57DC3010ECF162E1AAC2BB /* Pods-cconverter.release.xcconfig */ = {isa = PBXFileReference; includeInIndex = 1; lastKnownFileType = text.xcconfig; name = "Pods-cconverter.release.xcconfig"; path = "Pods/Target Support Files/Pods-cconverter/Pods-cconverter.release.xcconfig"; sourceTree = "<group>"; };
/* End PBXFileReference section */

/* Begin PBXFrameworksBuildPhase section */
		1D54AA091F0AD46600391F89 /* Frameworks */ = {
			isa = PBXFrameworksBuildPhase;
			buildActionMask = 2147483647;
			files = (
				CEC895B2B03DF7A4F9621751 /* libPods-cconverter.a in Frameworks */,
			);
			runOnlyForDeploymentPostprocessing = 0;
		};
		1D54AA221F0AD46600391F89 /* Frameworks */ = {
			isa = PBXFrameworksBuildPhase;
			buildActionMask = 2147483647;
			files = (
			);
			runOnlyForDeploymentPostprocessing = 0;
		};
		1D54AA2D1F0AD46600391F89 /* Frameworks */ = {
			isa = PBXFrameworksBuildPhase;
			buildActionMask = 2147483647;
			files = (
			);
			runOnlyForDeploymentPostprocessing = 0;
		};
/* End PBXFrameworksBuildPhase section */

/* Begin PBXGroup section */
		08A841B6B5B54B711CCEB3FF /* Frameworks */ = {
			isa = PBXGroup;
			children = (
				08D4C28DF603AB361AB1DB01 /* libPods-cconverter.a */,
			);
			name = Frameworks;
			sourceTree = "<group>";
		};
		1D54AA031F0AD46600391F89 = {
			isa = PBXGroup;
			children = (
				1D54AA0E1F0AD46600391F89 /* cconverter */,
				1D54AA281F0AD46600391F89 /* cconverterTests */,
				1D54AA331F0AD46600391F89 /* cconverterUITests */,
				1D54AA0D1F0AD46600391F89 /* Products */,
				8B46A3E7C8C4F1B2907CADE5 /* Pods */,
				08A841B6B5B54B711CCEB3FF /* Frameworks */,
			);
			sourceTree = "<group>";
		};
		1D54AA0D1F0AD46600391F89 /* Products */ = {
			isa = PBXGroup;
			children = (
				1D54AA0C1F0AD46600391F89 /* cconverter.app */,
				1D54AA251F0AD46600391F89 /* cconverterTests.xctest */,
				1D54AA301F0AD46600391F89 /* cconverterUITests.xctest */,
			);
			name = Products;
			sourceTree = "<group>";
		};
		1D54AA0E1F0AD46600391F89 /* cconverter */ = {
			isa = PBXGroup;
			children = (
				1D54AA5D1F12318100391F89 /* DI */,
				1D54AA4D1F11365C00391F89 /* ViewModels */,
				1D54AA4C1F11365500391F89 /* Models */,
				1D54AA491F11363000391F89 /* Services */,
				1D54AA451F11350900391F89 /* Controllers */,
				1D54AA101F0AD46600391F89 /* main.m */,
				1D54AA121F0AD46600391F89 /* IKCAppDelegate.h */,
				1D54AA131F0AD46600391F89 /* IKCAppDelegate.m */,
				1D54AA181F0AD46600391F89 /* Main.storyboard */,
				1D54AA1B1F0AD46600391F89 /* Assets.xcassets */,
				1D54AA1D1F0AD46600391F89 /* LaunchScreen.storyboard */,
				1D54AA201F0AD46600391F89 /* Info.plist */,
			);
			path = cconverter;
			sourceTree = "<group>";
		};
		1D54AA281F0AD46600391F89 /* cconverterTests */ = {
			isa = PBXGroup;
			children = (
				1D54AA291F0AD46600391F89 /* cconverterTests.m */,
				1D54AA2B1F0AD46600391F89 /* Info.plist */,
			);
			path = cconverterTests;
			sourceTree = "<group>";
		};
		1D54AA331F0AD46600391F89 /* cconverterUITests */ = {
			isa = PBXGroup;
			children = (
				1D54AA341F0AD46600391F89 /* cconverterUITests.m */,
				1D54AA361F0AD46600391F89 /* Info.plist */,
			);
			path = cconverterUITests;
			sourceTree = "<group>";
		};
		1D54AA451F11350900391F89 /* Controllers */ = {
			isa = PBXGroup;
			children = (
				1D54AA461F11351800391F89 /* IKCExchangeController.h */,
				1D54AA471F11351800391F89 /* IKCExchangeController.m */,
			);
			name = Controllers;
			sourceTree = "<group>";
		};
		1D54AA491F11363000391F89 /* Services */ = {
			isa = PBXGroup;
			children = (
				1D54AA5A1F12220800391F89 /* IKCCurrencyProvider.h */,
				1D54AA5B1F12220800391F89 /* IKCCurrencyProvider.m */,
				1D54AA571F11F8CF00391F89 /* IKCRateProvider.h */,
				1D54AA581F11F8CF00391F89 /* IKCRateProvider.m */,
			);
			name = Services;
			path = ..;
			sourceTree = "<group>";
		};
		1D54AA4C1F11365500391F89 /* Models */ = {
			isa = PBXGroup;
			children = (
				1D54AA511F11425900391F89 /* IKCCurrency.h */,
				1D54AA521F11425900391F89 /* IKCCurrency.m */,
				1D54AA531F11425900391F89 /* IKCRate.h */,
				1D54AA541F11425900391F89 /* IKCRate.m */,
			);
			name = Models;
			path = ..;
			sourceTree = "<group>";
		};
		1D54AA4D1F11365C00391F89 /* ViewModels */ = {
			isa = PBXGroup;
			children = (
				1D54AA4E1F113D3100391F89 /* IKCExchangeViewModel.h */,
				1D54AA4F1F113D3100391F89 /* IKCExchangeViewModel.m */,
			);
			name = ViewModels;
			path = ..;
			sourceTree = "<group>";
		};
		1D54AA5D1F12318100391F89 /* DI */ = {
			isa = PBXGroup;
			children = (
				1D54AA5E1F1231C100391F89 /* IKCAssembly.h */,
				1D54AA5F1F1231C100391F89 /* IKCAssembly.m */,
			);
			name = DI;
			sourceTree = "<group>";
		};
		8B46A3E7C8C4F1B2907CADE5 /* Pods */ = {
			isa = PBXGroup;
			children = (
				8922C1234A2BD8634A1D6958 /* Pods-cconverter.debug.xcconfig */,
				BA57DC3010ECF162E1AAC2BB /* Pods-cconverter.release.xcconfig */,
			);
			name = Pods;
			sourceTree = "<group>";
		};
/* End PBXGroup section */

/* Begin PBXNativeTarget section */
		1D54AA0B1F0AD46600391F89 /* cconverter */ = {
			isa = PBXNativeTarget;
			buildConfigurationList = 1D54AA391F0AD46600391F89 /* Build configuration list for PBXNativeTarget "cconverter" */;
			buildPhases = (
				12E452C0A987125055EE0207 /* [CP] Check Pods Manifest.lock */,
				1D54AA081F0AD46600391F89 /* Sources */,
				1D54AA091F0AD46600391F89 /* Frameworks */,
				1D54AA0A1F0AD46600391F89 /* Resources */,
				180CF41E06705C0DA6878380 /* [CP] Embed Pods Frameworks */,
				B7301A431469405B4B6051DA /* [CP] Copy Pods Resources */,
			);
			buildRules = (
			);
			dependencies = (
			);
			name = cconverter;
			productName = cconverter;
			productReference = 1D54AA0C1F0AD46600391F89 /* cconverter.app */;
			productType = "com.apple.product-type.application";
		};
		1D54AA241F0AD46600391F89 /* cconverterTests */ = {
			isa = PBXNativeTarget;
			buildConfigurationList = 1D54AA3C1F0AD46600391F89 /* Build configuration list for PBXNativeTarget "cconverterTests" */;
			buildPhases = (
				1D54AA211F0AD46600391F89 /* Sources */,
				1D54AA221F0AD46600391F89 /* Frameworks */,
				1D54AA231F0AD46600391F89 /* Resources */,
			);
			buildRules = (
			);
			dependencies = (
				1D54AA271F0AD46600391F89 /* PBXTargetDependency */,
			);
			name = cconverterTests;
			productName = cconverterTests;
			productReference = 1D54AA251F0AD46600391F89 /* cconverterTests.xctest */;
			productType = "com.apple.product-type.bundle.unit-test";
		};
		1D54AA2F1F0AD46600391F89 /* cconverterUITests */ = {
			isa = PBXNativeTarget;
			buildConfigurationList = 1D54AA3F1F0AD46600391F89 /* Build configuration list for PBXNativeTarget "cconverterUITests" */;
			buildPhases = (
				1D54AA2C1F0AD46600391F89 /* Sources */,
				1D54AA2D1F0AD46600391F89 /* Frameworks */,
				1D54AA2E1F0AD46600391F89 /* Resources */,
			);
			buildRules = (
			);
			dependencies = (
				1D54AA321F0AD46600391F89 /* PBXTargetDependency */,
			);
			name = cconverterUITests;
			productName = cconverterUITests;
			productReference = 1D54AA301F0AD46600391F89 /* cconverterUITests.xctest */;
			productType = "com.apple.product-type.bundle.ui-testing";
		};
/* End PBXNativeTarget section */

/* Begin PBXProject section */
		1D54AA041F0AD46600391F89 /* Project object */ = {
			isa = PBXProject;
			attributes = {
				CLASSPREFIX = IKC;
				LastUpgradeCheck = 0830;
				ORGANIZATIONNAME = "Ivan Kalita";
				TargetAttributes = {
					1D54AA0B1F0AD46600391F89 = {
						CreatedOnToolsVersion = 8.3.3;
						DevelopmentTeam = Z2PHG96DRQ;
						ProvisioningStyle = Automatic;
					};
					1D54AA241F0AD46600391F89 = {
						CreatedOnToolsVersion = 8.3.3;
						ProvisioningStyle = Automatic;
						TestTargetID = 1D54AA0B1F0AD46600391F89;
					};
					1D54AA2F1F0AD46600391F89 = {
						CreatedOnToolsVersion = 8.3.3;
						ProvisioningStyle = Automatic;
						TestTargetID = 1D54AA0B1F0AD46600391F89;
					};
				};
			};
			buildConfigurationList = 1D54AA071F0AD46600391F89 /* Build configuration list for PBXProject "cconverter" */;
			compatibilityVersion = "Xcode 3.2";
			developmentRegion = English;
			hasScannedForEncodings = 0;
			knownRegions = (
				en,
				Base,
			);
			mainGroup = 1D54AA031F0AD46600391F89;
			productRefGroup = 1D54AA0D1F0AD46600391F89 /* Products */;
			projectDirPath = "";
			projectRoot = "";
			targets = (
				1D54AA0B1F0AD46600391F89 /* cconverter */,
				1D54AA241F0AD46600391F89 /* cconverterTests */,
				1D54AA2F1F0AD46600391F89 /* cconverterUITests */,
			);
		};
/* End PBXProject section */

/* Begin PBXResourcesBuildPhase section */
		1D54AA0A1F0AD46600391F89 /* Resources */ = {
			isa = PBXResourcesBuildPhase;
			buildActionMask = 2147483647;
			files = (
				1D54AA1F1F0AD46600391F89 /* LaunchScreen.storyboard in Resources */,
				1D54AA1C1F0AD46600391F89 /* Assets.xcassets in Resources */,
				1D54AA1A1F0AD46600391F89 /* Main.storyboard in Resources */,
			);
			runOnlyForDeploymentPostprocessing = 0;
		};
		1D54AA231F0AD46600391F89 /* Resources */ = {
			isa = PBXResourcesBuildPhase;
			buildActionMask = 2147483647;
			files = (
			);
			runOnlyForDeploymentPostprocessing = 0;
		};
		1D54AA2E1F0AD46600391F89 /* Resources */ = {
			isa = PBXResourcesBuildPhase;
			buildActionMask = 2147483647;
			files = (
			);
			runOnlyForDeploymentPostprocessing = 0;
		};
/* End PBXResourcesBuildPhase section */

/* Begin PBXShellScriptBuildPhase section */
		12E452C0A987125055EE0207 /* [CP] Check Pods Manifest.lock */ = {
			isa = PBXShellScriptBuildPhase;
			buildActionMask = 2147483647;
			files = (
			);
			inputPaths = (
			);
			name = "[CP] Check Pods Manifest.lock";
			outputPaths = (
			);
			runOnlyForDeploymentPostprocessing = 0;
			shellPath = /bin/sh;
			shellScript = "diff \"${PODS_PODFILE_DIR_PATH}/Podfile.lock\" \"${PODS_ROOT}/Manifest.lock\" > /dev/null\nif [ $? != 0 ] ; then\n    # print error to STDERR\n    echo \"error: The sandbox is not in sync with the Podfile.lock. Run 'pod install' or update your CocoaPods installation.\" >&2\n    exit 1\nfi\n";
			showEnvVarsInLog = 0;
		};
		180CF41E06705C0DA6878380 /* [CP] Embed Pods Frameworks */ = {
			isa = PBXShellScriptBuildPhase;
			buildActionMask = 2147483647;
			files = (
			);
			inputPaths = (
			);
			name = "[CP] Embed Pods Frameworks";
			outputPaths = (
			);
			runOnlyForDeploymentPostprocessing = 0;
			shellPath = /bin/sh;
			shellScript = "\"${SRCROOT}/Pods/Target Support Files/Pods-cconverter/Pods-cconverter-frameworks.sh\"\n";
			showEnvVarsInLog = 0;
		};
		B7301A431469405B4B6051DA /* [CP] Copy Pods Resources */ = {
			isa = PBXShellScriptBuildPhase;
			buildActionMask = 2147483647;
			files = (
			);
			inputPaths = (
			);
			name = "[CP] Copy Pods Resources";
			outputPaths = (
			);
			runOnlyForDeploymentPostprocessing = 0;
			shellPath = /bin/sh;
			shellScript = "\"${SRCROOT}/Pods/Target Support Files/Pods-cconverter/Pods-cconverter-resources.sh\"\n";
			showEnvVarsInLog = 0;
		};
/* End PBXShellScriptBuildPhase section */

/* Begin PBXSourcesBuildPhase section */
		1D54AA081F0AD46600391F89 /* Sources */ = {
			isa = PBXSourcesBuildPhase;
			buildActionMask = 2147483647;
			files = (
				1D54AA141F0AD46600391F89 /* IKCAppDelegate.m in Sources */,
				1D54AA601F1231C100391F89 /* IKCAssembly.m in Sources */,
				1D54AA591F11F8CF00391F89 /* IKCRateProvider.m in Sources */,
				1D54AA561F11425900391F89 /* IKCRate.m in Sources */,
				1D54AA481F11351800391F89 /* IKCExchangeController.m in Sources */,
				1D54AA111F0AD46600391F89 /* main.m in Sources */,
				1D54AA5C1F12220800391F89 /* IKCCurrencyProvider.m in Sources */,
				1D54AA501F113D3100391F89 /* IKCExchangeViewModel.m in Sources */,
				1D54AA551F11425900391F89 /* IKCCurrency.m in Sources */,
			);
			runOnlyForDeploymentPostprocessing = 0;
		};
		1D54AA211F0AD46600391F89 /* Sources */ = {
			isa = PBXSourcesBuildPhase;
			buildActionMask = 2147483647;
			files = (
				1D54AA2A1F0AD46600391F89 /* cconverterTests.m in Sources */,
			);
			runOnlyForDeploymentPostprocessing = 0;
		};
		1D54AA2C1F0AD46600391F89 /* Sources */ = {
			isa = PBXSourcesBuildPhase;
			buildActionMask = 2147483647;
			files = (
				1D54AA351F0AD46600391F89 /* cconverterUITests.m in Sources */,
			);
			runOnlyForDeploymentPostprocessing = 0;
		};
/* End PBXSourcesBuildPhase section */

/* Begin PBXTargetDependency section */
		1D54AA271F0AD46600391F89 /* PBXTargetDependency */ = {
			isa = PBXTargetDependency;
			target = 1D54AA0B1F0AD46600391F89 /* cconverter */;
			targetProxy = 1D54AA261F0AD46600391F89 /* PBXContainerItemProxy */;
		};
		1D54AA321F0AD46600391F89 /* PBXTargetDependency */ = {
			isa = PBXTargetDependency;
			target = 1D54AA0B1F0AD46600391F89 /* cconverter */;
			targetProxy = 1D54AA311F0AD46600391F89 /* PBXContainerItemProxy */;
		};
/* End PBXTargetDependency section */

/* Begin PBXVariantGroup section */
		1D54AA181F0AD46600391F89 /* Main.storyboard */ = {
			isa = PBXVariantGroup;
			children = (
				1D54AA191F0AD46600391F89 /* Base */,
			);
			name = Main.storyboard;
			sourceTree = "<group>";
		};
		1D54AA1D1F0AD46600391F89 /* LaunchScreen.storyboard */ = {
			isa = PBXVariantGroup;
			children = (
				1D54AA1E1F0AD46600391F89 /* Base */,
			);
			name = LaunchScreen.storyboard;
			sourceTree = "<group>";
		};
/* End PBXVariantGroup section */

/* Begin XCBuildConfiguration section */
		1D54AA371F0AD46600391F89 /* Debug */ = {
			isa = XCBuildConfiguration;
			buildSettings = {
				ALWAYS_SEARCH_USER_PATHS = NO;
				CLANG_ANALYZER_NONNULL = YES;
				CLANG_ANALYZER_NUMBER_OBJECT_CONVERSION = YES_AGGRESSIVE;
				CLANG_CXX_LANGUAGE_STANDARD = "gnu++0x";
				CLANG_CXX_LIBRARY = "libc++";
				CLANG_ENABLE_MODULES = YES;
				CLANG_ENABLE_OBJC_ARC = YES;
				CLANG_WARN_BOOL_CONVERSION = YES;
				CLANG_WARN_CONSTANT_CONVERSION = YES;
				CLANG_WARN_DIRECT_OBJC_ISA_USAGE = YES_ERROR;
				CLANG_WARN_DOCUMENTATION_COMMENTS = YES;
				CLANG_WARN_EMPTY_BODY = YES;
				CLANG_WARN_ENUM_CONVERSION = YES;
				CLANG_WARN_INFINITE_RECURSION = YES;
				CLANG_WARN_INT_CONVERSION = YES;
				CLANG_WARN_OBJC_ROOT_CLASS = YES_ERROR;
				CLANG_WARN_SUSPICIOUS_MOVE = YES;
				CLANG_WARN_UNREACHABLE_CODE = YES;
				CLANG_WARN__DUPLICATE_METHOD_MATCH = YES;
				"CODE_SIGN_IDENTITY[sdk=iphoneos*]" = "iPhone Developer";
				COPY_PHASE_STRIP = NO;
				DEBUG_INFORMATION_FORMAT = dwarf;
				ENABLE_STRICT_OBJC_MSGSEND = YES;
				ENABLE_TESTABILITY = YES;
				GCC_C_LANGUAGE_STANDARD = gnu99;
				GCC_DYNAMIC_NO_PIC = NO;
				GCC_NO_COMMON_BLOCKS = YES;
				GCC_OPTIMIZATION_LEVEL = 0;
				GCC_PREPROCESSOR_DEFINITIONS = (
					"DEBUG=1",
					"$(inherited)",
				);
				GCC_WARN_64_TO_32_BIT_CONVERSION = YES;
				GCC_WARN_ABOUT_RETURN_TYPE = YES_ERROR;
				GCC_WARN_UNDECLARED_SELECTOR = YES;
				GCC_WARN_UNINITIALIZED_AUTOS = YES_AGGRESSIVE;
				GCC_WARN_UNUSED_FUNCTION = YES;
				GCC_WARN_UNUSED_VARIABLE = YES;
				IPHONEOS_DEPLOYMENT_TARGET = 10.3;
				MTL_ENABLE_DEBUG_INFO = YES;
				ONLY_ACTIVE_ARCH = YES;
				SDKROOT = iphoneos;
				TARGETED_DEVICE_FAMILY = "1,2";
			};
			name = Debug;
		};
		1D54AA381F0AD46600391F89 /* Release */ = {
			isa = XCBuildConfiguration;
			buildSettings = {
				ALWAYS_SEARCH_USER_PATHS = NO;
				CLANG_ANALYZER_NONNULL = YES;
				CLANG_ANALYZER_NUMBER_OBJECT_CONVERSION = YES_AGGRESSIVE;
				CLANG_CXX_LANGUAGE_STANDARD = "gnu++0x";
				CLANG_CXX_LIBRARY = "libc++";
				CLANG_ENABLE_MODULES = YES;
				CLANG_ENABLE_OBJC_ARC = YES;
				CLANG_WARN_BOOL_CONVERSION = YES;
				CLANG_WARN_CONSTANT_CONVERSION = YES;
				CLANG_WARN_DIRECT_OBJC_ISA_USAGE = YES_ERROR;
				CLANG_WARN_DOCUMENTATION_COMMENTS = YES;
				CLANG_WARN_EMPTY_BODY = YES;
				CLANG_WARN_ENUM_CONVERSION = YES;
				CLANG_WARN_INFINITE_RECURSION = YES;
				CLANG_WARN_INT_CONVERSION = YES;
				CLANG_WARN_OBJC_ROOT_CLASS = YES_ERROR;
				CLANG_WARN_SUSPICIOUS_MOVE = YES;
				CLANG_WARN_UNREACHABLE_CODE = YES;
				CLANG_WARN__DUPLICATE_METHOD_MATCH = YES;
				"CODE_SIGN_IDENTITY[sdk=iphoneos*]" = "iPhone Developer";
				COPY_PHASE_STRIP = NO;
				DEBUG_INFORMATION_FORMAT = "dwarf-with-dsym";
				ENABLE_NS_ASSERTIONS = NO;
				ENABLE_STRICT_OBJC_MSGSEND = YES;
				GCC_C_LANGUAGE_STANDARD = gnu99;
				GCC_NO_COMMON_BLOCKS = YES;
				GCC_WARN_64_TO_32_BIT_CONVERSION = YES;
				GCC_WARN_ABOUT_RETURN_TYPE = YES_ERROR;
				GCC_WARN_UNDECLARED_SELECTOR = YES;
				GCC_WARN_UNINITIALIZED_AUTOS = YES_AGGRESSIVE;
				GCC_WARN_UNUSED_FUNCTION = YES;
				GCC_WARN_UNUSED_VARIABLE = YES;
				IPHONEOS_DEPLOYMENT_TARGET = 10.3;
				MTL_ENABLE_DEBUG_INFO = NO;
				SDKROOT = iphoneos;
				TARGETED_DEVICE_FAMILY = "1,2";
				VALIDATE_PRODUCT = YES;
			};
			name = Release;
		};
		1D54AA3A1F0AD46600391F89 /* Debug */ = {
			isa = XCBuildConfiguration;
			baseConfigurationReference = 8922C1234A2BD8634A1D6958 /* Pods-cconverter.debug.xcconfig */;
			buildSettings = {
				ASSETCATALOG_COMPILER_APPICON_NAME = AppIcon;
				DEVELOPMENT_TEAM = Z2PHG96DRQ;
				GCC_TREAT_IMPLICIT_FUNCTION_DECLARATIONS_AS_ERRORS = YES;
				GCC_TREAT_INCOMPATIBLE_POINTER_TYPE_WARNINGS_AS_ERRORS = YES;
				INFOPLIST_FILE = cconverter/Info.plist;
				LD_RUNPATH_SEARCH_PATHS = "$(inherited) @executable_path/Frameworks";
				PRODUCT_BUNDLE_IDENTIFIER = ivkalita.cconverter;
				PRODUCT_NAME = "$(TARGET_NAME)";
			};
			name = Debug;
		};
		1D54AA3B1F0AD46600391F89 /* Release */ = {
			isa = XCBuildConfiguration;
			baseConfigurationReference = BA57DC3010ECF162E1AAC2BB /* Pods-cconverter.release.xcconfig */;
			buildSettings = {
				ASSETCATALOG_COMPILER_APPICON_NAME = AppIcon;
				DEVELOPMENT_TEAM = Z2PHG96DRQ;
				GCC_TREAT_IMPLICIT_FUNCTION_DECLARATIONS_AS_ERRORS = YES;
				GCC_TREAT_INCOMPATIBLE_POINTER_TYPE_WARNINGS_AS_ERRORS = YES;
				INFOPLIST_FILE = cconverter/Info.plist;
				LD_RUNPATH_SEARCH_PATHS = "$(inherited) @executable_path/Frameworks";
				PRODUCT_BUNDLE_IDENTIFIER = ivkalita.cconverter;
				PRODUCT_NAME = "$(TARGET_NAME)";
			};
			name = Release;
		};
		1D54AA3D1F0AD46600391F89 /* Debug */ = {
			isa = XCBuildConfiguration;
			buildSettings = {
				BUNDLE_LOADER = "$(TEST_HOST)";
				INFOPLIST_FILE = cconverterTests/Info.plist;
				LD_RUNPATH_SEARCH_PATHS = "$(inherited) @executable_path/Frameworks @loader_path/Frameworks";
				PRODUCT_BUNDLE_IDENTIFIER = ivkalita.cconverterTests;
				PRODUCT_NAME = "$(TARGET_NAME)";
				TEST_HOST = "$(BUILT_PRODUCTS_DIR)/cconverter.app/cconverter";
			};
			name = Debug;
		};
		1D54AA3E1F0AD46600391F89 /* Release */ = {
			isa = XCBuildConfiguration;
			buildSettings = {
				BUNDLE_LOADER = "$(TEST_HOST)";
				INFOPLIST_FILE = cconverterTests/Info.plist;
				LD_RUNPATH_SEARCH_PATHS = "$(inherited) @executable_path/Frameworks @loader_path/Frameworks";
				PRODUCT_BUNDLE_IDENTIFIER = ivkalita.cconverterTests;
				PRODUCT_NAME = "$(TARGET_NAME)";
				TEST_HOST = "$(BUILT_PRODUCTS_DIR)/cconverter.app/cconverter";
			};
			name = Release;
		};
		1D54AA401F0AD46600391F89 /* Debug */ = {
			isa = XCBuildConfiguration;
			buildSettings = {
				INFOPLIST_FILE = cconverterUITests/Info.plist;
				LD_RUNPATH_SEARCH_PATHS = "$(inherited) @executable_path/Frameworks @loader_path/Frameworks";
				PRODUCT_BUNDLE_IDENTIFIER = ivkalita.cconverterUITests;
				PRODUCT_NAME = "$(TARGET_NAME)";
				TEST_TARGET_NAME = cconverter;
			};
			name = Debug;
		};
		1D54AA411F0AD46600391F89 /* Release */ = {
			isa = XCBuildConfiguration;
			buildSettings = {
				INFOPLIST_FILE = cconverterUITests/Info.plist;
				LD_RUNPATH_SEARCH_PATHS = "$(inherited) @executable_path/Frameworks @loader_path/Frameworks";
				PRODUCT_BUNDLE_IDENTIFIER = ivkalita.cconverterUITests;
				PRODUCT_NAME = "$(TARGET_NAME)";
				TEST_TARGET_NAME = cconverter;
			};
			name = Release;
		};
/* End XCBuildConfiguration section */

/* Begin XCConfigurationList section */
		1D54AA071F0AD46600391F89 /* Build configuration list for PBXProject "cconverter" */ = {
			isa = XCConfigurationList;
			buildConfigurations = (
				1D54AA371F0AD46600391F89 /* Debug */,
				1D54AA381F0AD46600391F89 /* Release */,
			);
			defaultConfigurationIsVisible = 0;
			defaultConfigurationName = Release;
		};
		1D54AA391F0AD46600391F89 /* Build configuration list for PBXNativeTarget "cconverter" */ = {
			isa = XCConfigurationList;
			buildConfigurations = (
				1D54AA3A1F0AD46600391F89 /* Debug */,
				1D54AA3B1F0AD46600391F89 /* Release */,
			);
			defaultConfigurationIsVisible = 0;
			defaultConfigurationName = Release;
		};
		1D54AA3C1F0AD46600391F89 /* Build configuration list for PBXNativeTarget "cconverterTests" */ = {
			isa = XCConfigurationList;
			buildConfigurations = (
				1D54AA3D1F0AD46600391F89 /* Debug */,
				1D54AA3E1F0AD46600391F89 /* Release */,
			);
			defaultConfigurationIsVisible = 0;
			defaultConfigurationName = Release;
		};
		1D54AA3F1F0AD46600391F89 /* Build configuration list for PBXNativeTarget "cconverterUITests" */ = {
			isa = XCConfigurationList;
			buildConfigurations = (
				1D54AA401F0AD46600391F89 /* Debug */,
				1D54AA411F0AD46600391F89 /* Release */,
			);
			defaultConfigurationIsVisible = 0;
			defaultConfigurationName = Release;
		};
/* End XCConfigurationList section */
	};
	rootObject = 1D54AA041F0AD46600391F89 /* Project object */;
}
